
Microsoft Visual Studio Solution File, Format Version 12.00
# Visual Studio Version 17
VisualStudioVersion = 17.1.32228.430
MinimumVisualStudioVersion = 10.0.40219.1
Project("{FAE04EC0-301F-11D3-BF4B-00C04F79EFBC}") = "KingGenDesktop", "KingGenDesktop\KingGenDesktop.csproj", "{ACFD81A3-FB11-4862-AF55-49136A817C18}"
EndProject
Project("{FAE04EC0-301F-11D3-BF4B-00C04F79EFBC}") = "KingGen.Net", "KingGen.Net\KingGen.Net\KingGen.Net.csproj", "{77393D8E-BBF3-4CF4-9C55-FB9A02427A2A}"
EndProject
Global
	GlobalSection(SolutionConfigurationPlatforms) = preSolution
		Debug|Any CPU = Debug|Any CPU
		Debug|x64 = Debug|x64
		Release|Any CPU = Release|Any CPU
		Release|x64 = Release|x64
	EndGlobalSection
	GlobalSection(ProjectConfigurationPlatforms) = postSolution
		{ACFD81A3-FB11-4862-AF55-49136A817C18}.Debug|Any CPU.ActiveCfg = Debug|Any CPU
		{ACFD81A3-FB11-4862-AF55-49136A817C18}.Debug|Any CPU.Build.0 = Debug|Any CPU
		{ACFD81A3-FB11-4862-AF55-49136A817C18}.Debug|x64.ActiveCfg = Debug|x64
		{ACFD81A3-FB11-4862-AF55-49136A817C18}.Debug|x64.Build.0 = Debug|x64
		{ACFD81A3-FB11-4862-AF55-49136A817C18}.Release|Any CPU.ActiveCfg = Release|Any CPU
		{ACFD81A3-FB11-4862-AF55-49136A817C18}.Release|Any CPU.Build.0 = Release|Any CPU
		{ACFD81A3-FB11-4862-AF55-49136A817C18}.Release|x64.ActiveCfg = Release|x64
		{ACFD81A3-FB11-4862-AF55-49136A817C18}.Release|x64.Build.0 = Release|x64
		{77393D8E-BBF3-4CF4-9C55-FB9A02427A2A}.Debug|Any CPU.ActiveCfg = Debug|Any CPU
		{77393D8E-BBF3-4CF4-9C55-FB9A02427A2A}.Debug|Any CPU.Build.0 = Debug|Any CPU
		{77393D8E-BBF3-4CF4-9C55-FB9A02427A2A}.Debug|x64.ActiveCfg = Debug|x64
		{77393D8E-BBF3-4CF4-9C55-FB9A02427A2A}.Debug|x64.Build.0 = Debug|x64
		{77393D8E-BBF3-4CF4-9C55-FB9A02427A2A}.Release|Any CPU.ActiveCfg = Release|Any CPU
		{77393D8E-BBF3-4CF4-9C55-FB9A02427A2A}.Release|Any CPU.Build.0 = Release|Any CPU
		{77393D8E-BBF3-4CF4-9C55-FB9A02427A2A}.Release|x64.ActiveCfg = Release|x64
		{77393D8E-BBF3-4CF4-9C55-FB9A02427A2A}.Release|x64.Build.0 = Release|x64
	EndGlobalSection
	GlobalSection(SolutionProperties) = preSolution
		HideSolutionNode = FALSE
	EndGlobalSection
	GlobalSection(ExtensibilityGlobals) = postSolution
		SolutionGuid = {7DFD246B-0A08-48F8-A950-7F56A9107ED5}
	EndGlobalSection
EndGlobal
